{
    "_meta": {
        "hash": {
            "sha256": "ae7a6aa987a2ea376072a0bcf21b46ec3695b8b3ea3ae4ef4a38b49fdd3daa43"
        },
        "pipfile-spec": 6,
        "requires": {},
        "sources": [
            {
                "name": "pypi",
                "url": "https://pypi.python.org/simple",
                "verify_ssl": true
            },
            {
                "name": "fury",
                "url": "https://repo.markjeee.com/pypi/",
                "verify_ssl": true
            }
        ]
    },
    "default": {},
    "develop": {}
}
